
Microsoft Visual Studio Solution File, Format Version 12.00
# Visual Studio Version 17
VisualStudioVersion = 17.0.31903.59
MinimumVisualStudioVersion = 10.0.40219.1
Project("{2150E333-8FDC-42A3-9474-1A3956D46DE8}") = "Solution", "Solution", "{8FE04F38-F107-4F95-BED0-C9A09D966D8F}"
EndProject
Project("{2150E333-8FDC-42A3-9474-1A3956D46DE8}") = "MachineDetailsAPI", "MachineDetailsAPI", "{5ABC2A6A-1D0A-4F7D-B6F5-F154D1AF4355}"
EndProject
Project("{FAE04EC0-301F-11D3-BF4B-00C04F79EFBC}") = "MachineDetailsAPI", "Solution\MachineDetailsAPI\MachineDetailsAPI\MachineDetailsAPI.csproj", "{C1BA5A9B-7D70-4F8C-B0D4-B209E157D66D}"
EndProject
Project("{2150E333-8FDC-42A3-9474-1A3956D46DE8}") = "MachineDetailsMVC", "MachineDetailsMVC", "{665B71BD-B1BA-4BE1-882F-5C027AF7FC38}"
EndProject
Project("{FAE04EC0-301F-11D3-BF4B-00C04F79EFBC}") = "MachineDetailsMVC", "Solution\MachineDetailsMVC\MachineDetailsMVC\MachineDetailsMVC.csproj", "{01385B42-3B1B-4B08-9A7E-648DB6DF8635}"
EndProject
Global
	GlobalSection(SolutionConfigurationPlatforms) = preSolution
		Debug|Any CPU = Debug|Any CPU
		Release|Any CPU = Release|Any CPU
	EndGlobalSection
	GlobalSection(SolutionProperties) = preSolution
		HideSolutionNode = FALSE
	EndGlobalSection
	GlobalSection(ProjectConfigurationPlatforms) = postSolution
		{C1BA5A9B-7D70-4F8C-B0D4-B209E157D66D}.Debug|Any CPU.ActiveCfg = Debug|Any CPU
		{C1BA5A9B-7D70-4F8C-B0D4-B209E157D66D}.Debug|Any CPU.Build.0 = Debug|Any CPU
		{C1BA5A9B-7D70-4F8C-B0D4-B209E157D66D}.Release|Any CPU.ActiveCfg = Release|Any CPU
		{C1BA5A9B-7D70-4F8C-B0D4-B209E157D66D}.Release|Any CPU.Build.0 = Release|Any CPU
		{01385B42-3B1B-4B08-9A7E-648DB6DF8635}.Debug|Any CPU.ActiveCfg = Debug|Any CPU
		{01385B42-3B1B-4B08-9A7E-648DB6DF8635}.Debug|Any CPU.Build.0 = Debug|Any CPU
		{01385B42-3B1B-4B08-9A7E-648DB6DF8635}.Release|Any CPU.ActiveCfg = Release|Any CPU
		{01385B42-3B1B-4B08-9A7E-648DB6DF8635}.Release|Any CPU.Build.0 = Release|Any CPU
	EndGlobalSection
	GlobalSection(NestedProjects) = preSolution
		{5ABC2A6A-1D0A-4F7D-B6F5-F154D1AF4355} = {8FE04F38-F107-4F95-BED0-C9A09D966D8F}
		{C1BA5A9B-7D70-4F8C-B0D4-B209E157D66D} = {5ABC2A6A-1D0A-4F7D-B6F5-F154D1AF4355}
		{665B71BD-B1BA-4BE1-882F-5C027AF7FC38} = {8FE04F38-F107-4F95-BED0-C9A09D966D8F}
		{01385B42-3B1B-4B08-9A7E-648DB6DF8635} = {665B71BD-B1BA-4BE1-882F-5C027AF7FC38}
	EndGlobalSection
EndGlobal
